
Microsoft Visual Studio Solution File, Format Version 12.00
# Visual Studio Version 18
VisualStudioVersion = 18.6.11819.183 stable
MinimumVisualStudioVersion = 10.0.40219.1
Project("{FAE04EC0-301F-11D3-BF4B-00C04F79EFBC}") = "UE_DDC_Manager", "UE_DDC_Manager\UE_DDC_Manager.csproj", "{B5AD87A0-5AB4-0737-D9C4-DCD9A00AAB18}"
EndProject
Global
	GlobalSection(SolutionConfigurationPlatforms) = preSolution
		Debug|Any CPU = Debug|Any CPU
		Release|Any CPU = Release|Any CPU
	EndGlobalSection
	GlobalSection(ProjectConfigurationPlatforms) = postSolution
		{B5AD87A0-5AB4-0737-D9C4-DCD9A00AAB18}.Debug|Any CPU.ActiveCfg = Debug|Any CPU
		{B5AD87A0-5AB4-0737-D9C4-DCD9A00AAB18}.Debug|Any CPU.Build.0 = Debug|Any CPU
		{B5AD87A0-5AB4-0737-D9C4-DCD9A00AAB18}.Release|Any CPU.ActiveCfg = Release|Any CPU
		{B5AD87A0-5AB4-0737-D9C4-DCD9A00AAB18}.Release|Any CPU.Build.0 = Release|Any CPU
	EndGlobalSection
	GlobalSection(SolutionProperties) = preSolution
		HideSolutionNode = FALSE
	EndGlobalSection
	GlobalSection(ExtensibilityGlobals) = postSolution
		SolutionGuid = {B1208272-CB64-420D-BBFD-90CDE0718324}
	EndGlobalSection
EndGlobal
